
Microsoft Visual Studio Solution File, Format Version 12.00
# Visual Studio Version 16
VisualStudioVersion = 16.0.29519.87
MinimumVisualStudioVersion = 10.0.40219.1
Project("{FAE04EC0-301F-11D3-BF4B-00C04F79EFBC}") = "gooche", "gooche\gooche.csproj", "{8E30B667-F53B-4D12-B4D3-FDD691EA551F}"
EndProject
Global
	GlobalSection(SolutionConfigurationPlatforms) = preSolution
		Debug|Any CPU = Debug|Any CPU
		Release|Any CPU = Release|Any CPU
	EndGlobalSection
	GlobalSection(ProjectConfigurationPlatforms) = postSolution
		{8E30B667-F53B-4D12-B4D3-FDD691EA551F}.Debug|Any CPU.ActiveCfg = Debug|Any CPU
		{8E30B667-F53B-4D12-B4D3-FDD691EA551F}.Debug|Any CPU.Build.0 = Debug|Any CPU
		{8E30B667-F53B-4D12-B4D3-FDD691EA551F}.Release|Any CPU.ActiveCfg = Release|Any CPU
		{8E30B667-F53B-4D12-B4D3-FDD691EA551F}.Release|Any CPU.Build.0 = Release|Any CPU
	EndGlobalSection
	GlobalSection(SolutionProperties) = preSolution
		HideSolutionNode = FALSE
	EndGlobalSection
	GlobalSection(ExtensibilityGlobals) = postSolution
		SolutionGuid = {9AD5CA76-7CFF-412C-850D-A12886CBA1D4}
	EndGlobalSection
EndGlobal
