
Microsoft Visual Studio Solution File, Format Version 12.00
# Visual Studio Version 16
VisualStudioVersion = 16.0.29519.87
MinimumVisualStudioVersion = 10.0.40219.1
Project("{9A19103F-16F7-4668-BE54-9A1E7A4F7556}") = "gooche.Dal", "gooche.Dal\gooche.Dal.csproj", "{9F50E9B0-5787-4B57-92F4-DAA6AEBD76D6}"
EndProject
Project("{9A19103F-16F7-4668-BE54-9A1E7A4F7556}") = "gooche.Domain", "gooche.Domain\gooche.Domain.csproj", "{B46C0593-A075-472D-B44D-2CD14B2DAE7D}"
EndProject
Project("{9A19103F-16F7-4668-BE54-9A1E7A4F7556}") = "gooche.Logic", "gooche.Logic\gooche.Logic.csproj", "{99B0BACB-91D2-458B-AB08-734B8EF24DBC}"
EndProject
Project("{9A19103F-16F7-4668-BE54-9A1E7A4F7556}") = "gooche", "gooche\gooche.csproj", "{98F2314A-6F81-464D-B480-BCABDD2A08B1}"
EndProject
Global
	GlobalSection(SolutionConfigurationPlatforms) = preSolution
		Debug|Any CPU = Debug|Any CPU
		Release|Any CPU = Release|Any CPU
	EndGlobalSection
	GlobalSection(ProjectConfigurationPlatforms) = postSolution
		{9F50E9B0-5787-4B57-92F4-DAA6AEBD76D6}.Debug|Any CPU.ActiveCfg = Debug|Any CPU
		{9F50E9B0-5787-4B57-92F4-DAA6AEBD76D6}.Debug|Any CPU.Build.0 = Debug|Any CPU
		{9F50E9B0-5787-4B57-92F4-DAA6AEBD76D6}.Release|Any CPU.ActiveCfg = Release|Any CPU
		{9F50E9B0-5787-4B57-92F4-DAA6AEBD76D6}.Release|Any CPU.Build.0 = Release|Any CPU
		{B46C0593-A075-472D-B44D-2CD14B2DAE7D}.Debug|Any CPU.ActiveCfg = Debug|Any CPU
		{B46C0593-A075-472D-B44D-2CD14B2DAE7D}.Debug|Any CPU.Build.0 = Debug|Any CPU
		{B46C0593-A075-472D-B44D-2CD14B2DAE7D}.Release|Any CPU.ActiveCfg = Release|Any CPU
		{B46C0593-A075-472D-B44D-2CD14B2DAE7D}.Release|Any CPU.Build.0 = Release|Any CPU
		{99B0BACB-91D2-458B-AB08-734B8EF24DBC}.Debug|Any CPU.ActiveCfg = Debug|Any CPU
		{99B0BACB-91D2-458B-AB08-734B8EF24DBC}.Debug|Any CPU.Build.0 = Debug|Any CPU
		{99B0BACB-91D2-458B-AB08-734B8EF24DBC}.Release|Any CPU.ActiveCfg = Release|Any CPU
		{99B0BACB-91D2-458B-AB08-734B8EF24DBC}.Release|Any CPU.Build.0 = Release|Any CPU
		{98F2314A-6F81-464D-B480-BCABDD2A08B1}.Debug|Any CPU.ActiveCfg = Debug|Any CPU
		{98F2314A-6F81-464D-B480-BCABDD2A08B1}.Debug|Any CPU.Build.0 = Debug|Any CPU
		{98F2314A-6F81-464D-B480-BCABDD2A08B1}.Release|Any CPU.ActiveCfg = Release|Any CPU
		{98F2314A-6F81-464D-B480-BCABDD2A08B1}.Release|Any CPU.Build.0 = Release|Any CPU
	EndGlobalSection
	GlobalSection(SolutionProperties) = preSolution
		HideSolutionNode = FALSE
	EndGlobalSection
	GlobalSection(ExtensibilityGlobals) = postSolution
		SolutionGuid = {9AD5CA76-7CFF-412C-850D-A12886CBA1D4}
	EndGlobalSection
EndGlobal
